
Microsoft Visual Studio Solution File, Format Version 12.00
# Visual Studio Version 17
VisualStudioVersion = 17.9.34622.214
MinimumVisualStudioVersion = 10.0.40219.1
Project("{FAE04EC0-301F-11D3-BF4B-00C04F79EFBC}") = "SocketServerStart", "SocketServerStart\SocketServerStart.csproj", "{95D77EE1-8908-4B9F-92F5-8E008BA6542D}"
EndProject
Global
	GlobalSection(SolutionConfigurationPlatforms) = preSolution
		Debug|Any CPU = Debug|Any CPU
		Release|Any CPU = Release|Any CPU
	EndGlobalSection
	GlobalSection(ProjectConfigurationPlatforms) = postSolution
		{95D77EE1-8908-4B9F-92F5-8E008BA6542D}.Debug|Any CPU.ActiveCfg = Debug|Any CPU
		{95D77EE1-8908-4B9F-92F5-8E008BA6542D}.Debug|Any CPU.Build.0 = Debug|Any CPU
		{95D77EE1-8908-4B9F-92F5-8E008BA6542D}.Release|Any CPU.ActiveCfg = Release|Any CPU
		{95D77EE1-8908-4B9F-92F5-8E008BA6542D}.Release|Any CPU.Build.0 = Release|Any CPU
	EndGlobalSection
	GlobalSection(SolutionProperties) = preSolution
		HideSolutionNode = FALSE
	EndGlobalSection
	GlobalSection(ExtensibilityGlobals) = postSolution
		SolutionGuid = {1C2E98E6-B255-4E1A-9486-C6800A9BB4C9}
	EndGlobalSection
EndGlobal
